
Microsoft Visual Studio Solution File, Format Version 12.00
# Visual Studio Version 17
VisualStudioVersion = 17.13.35818.85 d17.13
MinimumVisualStudioVersion = 10.0.40219.1
Project("{FAE04EC0-301F-11D3-BF4B-00C04F79EFBC}") = "ConsoleApp1", "ConsoleApp1.csproj", "{98EB9A6C-6B47-446B-AAA3-4B5BCAB3EF39}"
EndProject
Global
	GlobalSection(SolutionConfigurationPlatforms) = preSolution
		Debug|Any CPU = Debug|Any CPU
		Release|Any CPU = Release|Any CPU
	EndGlobalSection
	GlobalSection(ProjectConfigurationPlatforms) = postSolution
		{98EB9A6C-6B47-446B-AAA3-4B5BCAB3EF39}.Debug|Any CPU.ActiveCfg = Debug|Any CPU
		{98EB9A6C-6B47-446B-AAA3-4B5BCAB3EF39}.Debug|Any CPU.Build.0 = Debug|Any CPU
		{98EB9A6C-6B47-446B-AAA3-4B5BCAB3EF39}.Release|Any CPU.ActiveCfg = Release|Any CPU
		{98EB9A6C-6B47-446B-AAA3-4B5BCAB3EF39}.Release|Any CPU.Build.0 = Release|Any CPU
	EndGlobalSection
	GlobalSection(SolutionProperties) = preSolution
		HideSolutionNode = FALSE
	EndGlobalSection
	GlobalSection(ExtensibilityGlobals) = postSolution
		SolutionGuid = {9578C301-DCE4-414F-B32D-093CF1744F5D}
	EndGlobalSection
EndGlobal
